
Microsoft Visual Studio Solution File, Format Version 12.00
# Visual Studio Version 16
VisualStudioVersion = 16.0.30114.105
MinimumVisualStudioVersion = 10.0.40219.1
Project("{2150E333-8FDC-42A3-9474-1A3956D46DE8}") = "src", "src", "{B47E80FB-D227-41DF-8CA4-4EA359023A6D}"
EndProject
Project("{FAE04EC0-301F-11D3-BF4B-00C04F79EFBC}") = "MyCompanyApp.Application", "src\MyCompanyApp.Application\MyCompanyApp.Application.csproj", "{11EAE6B5-DBD6-49C3-8739-6AE3B73D8A67}"
EndProject
Project("{FAE04EC0-301F-11D3-BF4B-00C04F79EFBC}") = "MyCompanyApp.Domain", "src\MyCompanyApp.Domain\MyCompanyApp.Domain.csproj", "{43921AA1-F0E1-42AC-820C-86C31552EA08}"
EndProject
Project("{FAE04EC0-301F-11D3-BF4B-00C04F79EFBC}") = "MyCompanyApp.Infrastructure", "src\MyCompanyApp.Infrastructure\MyCompanyApp.Infrastructure.csproj", "{0994D31E-2A66-494E-BF27-17B6E19E9AB7}"
EndProject
Project("{FAE04EC0-301F-11D3-BF4B-00C04F79EFBC}") = "MyCompanyApp.Persistence", "src\MyCompanyApp.Persistence\MyCompanyApp.Persistence.csproj", "{534A6166-838B-43A3-98DD-0F7550949F09}"
EndProject
Project("{FAE04EC0-301F-11D3-BF4B-00C04F79EFBC}") = "MyCompanyApp.Wpf", "src\MyCompanyApp.Wpf\MyCompanyApp.Wpf.csproj", "{73F1E5A8-6512-40D3-91AF-5820F82D82F6}"
EndProject
Project("{2150E333-8FDC-42A3-9474-1A3956D46DE8}") = "Platform", "Platform", "{D54BAAA7-4321-421C-BCC9-AEC57FC42975}"
EndProject
Project("{FAE04EC0-301F-11D3-BF4B-00C04F79EFBC}") = "MyCompanyApp.Platform.Core", "src\Platform\MyCompanyApp.Platform.Core\MyCompanyApp.Platform.Core.csproj", "{5492EFD4-D7E5-4DF3-A8E7-D292D538FA6A}"
EndProject
Project("{FAE04EC0-301F-11D3-BF4B-00C04F79EFBC}") = "MyCompanyApp.Platform.Auth", "src\Platform\MyCompanyApp.Platform.Auth\MyCompanyApp.Platform.Auth.csproj", "{7E5BD010-D3E2-4B9F-84E1-50CE8CC9AFDA}"
EndProject
Project("{FAE04EC0-301F-11D3-BF4B-00C04F79EFBC}") = "MyCompanyApp.Platform.Reminder", "src\Platform\MyCompanyApp.Platform.Reminder\MyCompanyApp.Platform.Reminder.csproj", "{CACD0904-D058-4CF0-B6C7-88BEC19D693C}"
EndProject
Project("{FAE04EC0-301F-11D3-BF4B-00C04F79EFBC}") = "MyCompanyApp.Platform.Export", "src\Platform\MyCompanyApp.Platform.Export\MyCompanyApp.Platform.Export.csproj", "{6651A50F-D2B2-4FED-A4D3-400DD9546573}"
EndProject
Project("{FAE04EC0-301F-11D3-BF4B-00C04F79EFBC}") = "MyCompanyApp.Platform.UI", "src\Platform\MyCompanyApp.Platform.UI\MyCompanyApp.Platform.UI.csproj", "{A3F71022-F89E-47E6-8A92-577868A9BBF7}"
EndProject
Project("{FAE04EC0-301F-11D3-BF4B-00C04F79EFBC}") = "MyCompanyApp.Platform.PersianDate", "src\Platform\MyCompanyApp.Platform.PersianDate\MyCompanyApp.Platform.PersianDate.csproj", "{889C39A0-618D-4043-BD3B-69ECE6FE53F6}"
EndProject
Project("{FAE04EC0-301F-11D3-BF4B-00C04F79EFBC}") = "MyCompanyApp.Platform.Configuration", "src\Platform\MyCompanyApp.Platform.Configuration\MyCompanyApp.Platform.Configuration.csproj", "{FD03B82C-07AF-454D-8F29-5F09CDF3BA51}"
EndProject
Project("{2150E333-8FDC-42A3-9474-1A3956D46DE8}") = "Modules", "Modules", "{EF4F5D27-E15F-42ED-BDE5-D619BCB66853}"
EndProject
Project("{FAE04EC0-301F-11D3-BF4B-00C04F79EFBC}") = "MyCompanyApp.Modules.Leave", "src\Modules\MyCompanyApp.Modules.Leave\MyCompanyApp.Modules.Leave.csproj", "{E35B432C-50D3-4DAB-A527-886CAD7EDEAA}"
EndProject
Project("{FAE04EC0-301F-11D3-BF4B-00C04F79EFBC}") = "MyCompanyApp.Modules.Users", "src\Modules\MyCompanyApp.Modules.Users\MyCompanyApp.Modules.Users.csproj", "{6371B17F-DC39-4814-A202-6D62B6C2F3A9}"
EndProject
Project("{FAE04EC0-301F-11D3-BF4B-00C04F79EFBC}") = "MyCompanyApp.Modules.Dashboard", "src\Modules\MyCompanyApp.Modules.Dashboard\MyCompanyApp.Modules.Dashboard.csproj", "{78D9AB28-05D3-40FD-B2C5-D6AA3BCDE853}"
EndProject
Project("{FAE04EC0-301F-11D3-BF4B-00C04F79EFBC}") = "MyCompanyApp.Platform.Plugin", "src\Platform\MyCompanyApp.Platform.Plugin\MyCompanyApp.Platform.Plugin.csproj", "{5B5B87F7-3657-4237-A257-CE89FADF18EE}"
EndProject
Global
	GlobalSection(SolutionConfigurationPlatforms) = preSolution
		Debug|Any CPU = Debug|Any CPU
		Debug|x64 = Debug|x64
		Debug|x86 = Debug|x86
		Release|Any CPU = Release|Any CPU
		Release|x64 = Release|x64
		Release|x86 = Release|x86
	EndGlobalSection
	GlobalSection(SolutionProperties) = preSolution
		HideSolutionNode = FALSE
	EndGlobalSection
	GlobalSection(ProjectConfigurationPlatforms) = postSolution
		{11EAE6B5-DBD6-49C3-8739-6AE3B73D8A67}.Debug|Any CPU.ActiveCfg = Debug|Any CPU
		{11EAE6B5-DBD6-49C3-8739-6AE3B73D8A67}.Debug|Any CPU.Build.0 = Debug|Any CPU
		{11EAE6B5-DBD6-49C3-8739-6AE3B73D8A67}.Debug|x64.ActiveCfg = Debug|Any CPU
		{11EAE6B5-DBD6-49C3-8739-6AE3B73D8A67}.Debug|x64.Build.0 = Debug|Any CPU
		{11EAE6B5-DBD6-49C3-8739-6AE3B73D8A67}.Debug|x86.ActiveCfg = Debug|Any CPU
		{11EAE6B5-DBD6-49C3-8739-6AE3B73D8A67}.Debug|x86.Build.0 = Debug|Any CPU
		{11EAE6B5-DBD6-49C3-8739-6AE3B73D8A67}.Release|Any CPU.ActiveCfg = Release|Any CPU
		{11EAE6B5-DBD6-49C3-8739-6AE3B73D8A67}.Release|Any CPU.Build.0 = Release|Any CPU
		{11EAE6B5-DBD6-49C3-8739-6AE3B73D8A67}.Release|x64.ActiveCfg = Release|Any CPU
		{11EAE6B5-DBD6-49C3-8739-6AE3B73D8A67}.Release|x64.Build.0 = Release|Any CPU
		{11EAE6B5-DBD6-49C3-8739-6AE3B73D8A67}.Release|x86.ActiveCfg = Release|Any CPU
		{11EAE6B5-DBD6-49C3-8739-6AE3B73D8A67}.Release|x86.Build.0 = Release|Any CPU
		{43921AA1-F0E1-42AC-820C-86C31552EA08}.Debug|Any CPU.ActiveCfg = Debug|Any CPU
		{43921AA1-F0E1-42AC-820C-86C31552EA08}.Debug|Any CPU.Build.0 = Debug|Any CPU
		{43921AA1-F0E1-42AC-820C-86C31552EA08}.Debug|x64.ActiveCfg = Debug|Any CPU
		{43921AA1-F0E1-42AC-820C-86C31552EA08}.Debug|x64.Build.0 = Debug|Any CPU
		{43921AA1-F0E1-42AC-820C-86C31552EA08}.Debug|x86.ActiveCfg = Debug|Any CPU
		{43921AA1-F0E1-42AC-820C-86C31552EA08}.Debug|x86.Build.0 = Debug|Any CPU
		{43921AA1-F0E1-42AC-820C-86C31552EA08}.Release|Any CPU.ActiveCfg = Release|Any CPU
		{43921AA1-F0E1-42AC-820C-86C31552EA08}.Release|Any CPU.Build.0 = Release|Any CPU
		{43921AA1-F0E1-42AC-820C-86C31552EA08}.Release|x64.ActiveCfg = Release|Any CPU
		{43921AA1-F0E1-42AC-820C-86C31552EA08}.Release|x64.Build.0 = Release|Any CPU
		{43921AA1-F0E1-42AC-820C-86C31552EA08}.Release|x86.ActiveCfg = Release|Any CPU
		{43921AA1-F0E1-42AC-820C-86C31552EA08}.Release|x86.Build.0 = Release|Any CPU
		{0994D31E-2A66-494E-BF27-17B6E19E9AB7}.Debug|Any CPU.ActiveCfg = Debug|Any CPU
		{0994D31E-2A66-494E-BF27-17B6E19E9AB7}.Debug|Any CPU.Build.0 = Debug|Any CPU
		{0994D31E-2A66-494E-BF27-17B6E19E9AB7}.Debug|x64.ActiveCfg = Debug|Any CPU
		{0994D31E-2A66-494E-BF27-17B6E19E9AB7}.Debug|x64.Build.0 = Debug|Any CPU
		{0994D31E-2A66-494E-BF27-17B6E19E9AB7}.Debug|x86.ActiveCfg = Debug|Any CPU
		{0994D31E-2A66-494E-BF27-17B6E19E9AB7}.Debug|x86.Build.0 = Debug|Any CPU
		{0994D31E-2A66-494E-BF27-17B6E19E9AB7}.Release|Any CPU.ActiveCfg = Release|Any CPU
		{0994D31E-2A66-494E-BF27-17B6E19E9AB7}.Release|Any CPU.Build.0 = Release|Any CPU
		{0994D31E-2A66-494E-BF27-17B6E19E9AB7}.Release|x64.ActiveCfg = Release|Any CPU
		{0994D31E-2A66-494E-BF27-17B6E19E9AB7}.Release|x64.Build.0 = Release|Any CPU
		{0994D31E-2A66-494E-BF27-17B6E19E9AB7}.Release|x86.ActiveCfg = Release|Any CPU
		{0994D31E-2A66-494E-BF27-17B6E19E9AB7}.Release|x86.Build.0 = Release|Any CPU
		{534A6166-838B-43A3-98DD-0F7550949F09}.Debug|Any CPU.ActiveCfg = Debug|Any CPU
		{534A6166-838B-43A3-98DD-0F7550949F09}.Debug|Any CPU.Build.0 = Debug|Any CPU
		{534A6166-838B-43A3-98DD-0F7550949F09}.Debug|x64.ActiveCfg = Debug|Any CPU
		{534A6166-838B-43A3-98DD-0F7550949F09}.Debug|x64.Build.0 = Debug|Any CPU
		{534A6166-838B-43A3-98DD-0F7550949F09}.Debug|x86.ActiveCfg = Debug|Any CPU
		{534A6166-838B-43A3-98DD-0F7550949F09}.Debug|x86.Build.0 = Debug|Any CPU
		{534A6166-838B-43A3-98DD-0F7550949F09}.Release|Any CPU.ActiveCfg = Release|Any CPU
		{534A6166-838B-43A3-98DD-0F7550949F09}.Release|Any CPU.Build.0 = Release|Any CPU
		{534A6166-838B-43A3-98DD-0F7550949F09}.Release|x64.ActiveCfg = Release|Any CPU
		{534A6166-838B-43A3-98DD-0F7550949F09}.Release|x64.Build.0 = Release|Any CPU
		{534A6166-838B-43A3-98DD-0F7550949F09}.Release|x86.ActiveCfg = Release|Any CPU
		{534A6166-838B-43A3-98DD-0F7550949F09}.Release|x86.Build.0 = Release|Any CPU
		{73F1E5A8-6512-40D3-91AF-5820F82D82F6}.Debug|Any CPU.ActiveCfg = Debug|Any CPU
		{73F1E5A8-6512-40D3-91AF-5820F82D82F6}.Debug|Any CPU.Build.0 = Debug|Any CPU
		{73F1E5A8-6512-40D3-91AF-5820F82D82F6}.Debug|x64.ActiveCfg = Debug|Any CPU
		{73F1E5A8-6512-40D3-91AF-5820F82D82F6}.Debug|x64.Build.0 = Debug|Any CPU
		{73F1E5A8-6512-40D3-91AF-5820F82D82F6}.Debug|x86.ActiveCfg = Debug|Any CPU
		{73F1E5A8-6512-40D3-91AF-5820F82D82F6}.Debug|x86.Build.0 = Debug|Any CPU
		{73F1E5A8-6512-40D3-91AF-5820F82D82F6}.Release|Any CPU.ActiveCfg = Release|Any CPU
		{73F1E5A8-6512-40D3-91AF-5820F82D82F6}.Release|Any CPU.Build.0 = Release|Any CPU
		{73F1E5A8-6512-40D3-91AF-5820F82D82F6}.Release|x64.ActiveCfg = Release|Any CPU
		{73F1E5A8-6512-40D3-91AF-5820F82D82F6}.Release|x64.Build.0 = Release|Any CPU
		{73F1E5A8-6512-40D3-91AF-5820F82D82F6}.Release|x86.ActiveCfg = Release|Any CPU
		{73F1E5A8-6512-40D3-91AF-5820F82D82F6}.Release|x86.Build.0 = Release|Any CPU
		{5492EFD4-D7E5-4DF3-A8E7-D292D538FA6A}.Debug|Any CPU.ActiveCfg = Debug|Any CPU
		{5492EFD4-D7E5-4DF3-A8E7-D292D538FA6A}.Debug|Any CPU.Build.0 = Debug|Any CPU
		{5492EFD4-D7E5-4DF3-A8E7-D292D538FA6A}.Debug|x64.ActiveCfg = Debug|Any CPU
		{5492EFD4-D7E5-4DF3-A8E7-D292D538FA6A}.Debug|x64.Build.0 = Debug|Any CPU
		{5492EFD4-D7E5-4DF3-A8E7-D292D538FA6A}.Debug|x86.ActiveCfg = Debug|Any CPU
		{5492EFD4-D7E5-4DF3-A8E7-D292D538FA6A}.Debug|x86.Build.0 = Debug|Any CPU
		{5492EFD4-D7E5-4DF3-A8E7-D292D538FA6A}.Release|Any CPU.ActiveCfg = Release|Any CPU
		{5492EFD4-D7E5-4DF3-A8E7-D292D538FA6A}.Release|Any CPU.Build.0 = Release|Any CPU
		{5492EFD4-D7E5-4DF3-A8E7-D292D538FA6A}.Release|x64.ActiveCfg = Release|Any CPU
		{5492EFD4-D7E5-4DF3-A8E7-D292D538FA6A}.Release|x64.Build.0 = Release|Any CPU
		{5492EFD4-D7E5-4DF3-A8E7-D292D538FA6A}.Release|x86.ActiveCfg = Release|Any CPU
		{5492EFD4-D7E5-4DF3-A8E7-D292D538FA6A}.Release|x86.Build.0 = Release|Any CPU
		{7E5BD010-D3E2-4B9F-84E1-50CE8CC9AFDA}.Debug|Any CPU.ActiveCfg = Debug|Any CPU
		{7E5BD010-D3E2-4B9F-84E1-50CE8CC9AFDA}.Debug|Any CPU.Build.0 = Debug|Any CPU
		{7E5BD010-D3E2-4B9F-84E1-50CE8CC9AFDA}.Debug|x64.ActiveCfg = Debug|Any CPU
		{7E5BD010-D3E2-4B9F-84E1-50CE8CC9AFDA}.Debug|x64.Build.0 = Debug|Any CPU
		{7E5BD010-D3E2-4B9F-84E1-50CE8CC9AFDA}.Debug|x86.ActiveCfg = Debug|Any CPU
		{7E5BD010-D3E2-4B9F-84E1-50CE8CC9AFDA}.Debug|x86.Build.0 = Debug|Any CPU
		{7E5BD010-D3E2-4B9F-84E1-50CE8CC9AFDA}.Release|Any CPU.ActiveCfg = Release|Any CPU
		{7E5BD010-D3E2-4B9F-84E1-50CE8CC9AFDA}.Release|Any CPU.Build.0 = Release|Any CPU
		{7E5BD010-D3E2-4B9F-84E1-50CE8CC9AFDA}.Release|x64.ActiveCfg = Release|Any CPU
		{7E5BD010-D3E2-4B9F-84E1-50CE8CC9AFDA}.Release|x64.Build.0 = Release|Any CPU
		{7E5BD010-D3E2-4B9F-84E1-50CE8CC9AFDA}.Release|x86.ActiveCfg = Release|Any CPU
		{7E5BD010-D3E2-4B9F-84E1-50CE8CC9AFDA}.Release|x86.Build.0 = Release|Any CPU
		{CACD0904-D058-4CF0-B6C7-88BEC19D693C}.Debug|Any CPU.ActiveCfg = Debug|Any CPU
		{CACD0904-D058-4CF0-B6C7-88BEC19D693C}.Debug|Any CPU.Build.0 = Debug|Any CPU
		{CACD0904-D058-4CF0-B6C7-88BEC19D693C}.Debug|x64.ActiveCfg = Debug|Any CPU
		{CACD0904-D058-4CF0-B6C7-88BEC19D693C}.Debug|x64.Build.0 = Debug|Any CPU
		{CACD0904-D058-4CF0-B6C7-88BEC19D693C}.Debug|x86.ActiveCfg = Debug|Any CPU
		{CACD0904-D058-4CF0-B6C7-88BEC19D693C}.Debug|x86.Build.0 = Debug|Any CPU
		{CACD0904-D058-4CF0-B6C7-88BEC19D693C}.Release|Any CPU.ActiveCfg = Release|Any CPU
		{CACD0904-D058-4CF0-B6C7-88BEC19D693C}.Release|Any CPU.Build.0 = Release|Any CPU
		{CACD0904-D058-4CF0-B6C7-88BEC19D693C}.Release|x64.ActiveCfg = Release|Any CPU
		{CACD0904-D058-4CF0-B6C7-88BEC19D693C}.Release|x64.Build.0 = Release|Any CPU
		{CACD0904-D058-4CF0-B6C7-88BEC19D693C}.Release|x86.ActiveCfg = Release|Any CPU
		{CACD0904-D058-4CF0-B6C7-88BEC19D693C}.Release|x86.Build.0 = Release|Any CPU
		{6651A50F-D2B2-4FED-A4D3-400DD9546573}.Debug|Any CPU.ActiveCfg = Debug|Any CPU
		{6651A50F-D2B2-4FED-A4D3-400DD9546573}.Debug|Any CPU.Build.0 = Debug|Any CPU
		{6651A50F-D2B2-4FED-A4D3-400DD9546573}.Debug|x64.ActiveCfg = Debug|Any CPU
		{6651A50F-D2B2-4FED-A4D3-400DD9546573}.Debug|x64.Build.0 = Debug|Any CPU
		{6651A50F-D2B2-4FED-A4D3-400DD9546573}.Debug|x86.ActiveCfg = Debug|Any CPU
		{6651A50F-D2B2-4FED-A4D3-400DD9546573}.Debug|x86.Build.0 = Debug|Any CPU
		{6651A50F-D2B2-4FED-A4D3-400DD9546573}.Release|Any CPU.ActiveCfg = Release|Any CPU
		{6651A50F-D2B2-4FED-A4D3-400DD9546573}.Release|Any CPU.Build.0 = Release|Any CPU
		{6651A50F-D2B2-4FED-A4D3-400DD9546573}.Release|x64.ActiveCfg = Release|Any CPU
		{6651A50F-D2B2-4FED-A4D3-400DD9546573}.Release|x64.Build.0 = Release|Any CPU
		{6651A50F-D2B2-4FED-A4D3-400DD9546573}.Release|x86.ActiveCfg = Release|Any CPU
		{6651A50F-D2B2-4FED-A4D3-400DD9546573}.Release|x86.Build.0 = Release|Any CPU
		{A3F71022-F89E-47E6-8A92-577868A9BBF7}.Debug|Any CPU.ActiveCfg = Debug|Any CPU
		{A3F71022-F89E-47E6-8A92-577868A9BBF7}.Debug|Any CPU.Build.0 = Debug|Any CPU
		{A3F71022-F89E-47E6-8A92-577868A9BBF7}.Debug|x64.ActiveCfg = Debug|Any CPU
		{A3F71022-F89E-47E6-8A92-577868A9BBF7}.Debug|x64.Build.0 = Debug|Any CPU
		{A3F71022-F89E-47E6-8A92-577868A9BBF7}.Debug|x86.ActiveCfg = Debug|Any CPU
		{A3F71022-F89E-47E6-8A92-577868A9BBF7}.Debug|x86.Build.0 = Debug|Any CPU
		{A3F71022-F89E-47E6-8A92-577868A9BBF7}.Release|Any CPU.ActiveCfg = Release|Any CPU
		{A3F71022-F89E-47E6-8A92-577868A9BBF7}.Release|Any CPU.Build.0 = Release|Any CPU
		{A3F71022-F89E-47E6-8A92-577868A9BBF7}.Release|x64.ActiveCfg = Release|Any CPU
		{A3F71022-F89E-47E6-8A92-577868A9BBF7}.Release|x64.Build.0 = Release|Any CPU
		{A3F71022-F89E-47E6-8A92-577868A9BBF7}.Release|x86.ActiveCfg = Release|Any CPU
		{A3F71022-F89E-47E6-8A92-577868A9BBF7}.Release|x86.Build.0 = Release|Any CPU
		{889C39A0-618D-4043-BD3B-69ECE6FE53F6}.Debug|Any CPU.ActiveCfg = Debug|Any CPU
		{889C39A0-618D-4043-BD3B-69ECE6FE53F6}.Debug|Any CPU.Build.0 = Debug|Any CPU
		{889C39A0-618D-4043-BD3B-69ECE6FE53F6}.Debug|x64.ActiveCfg = Debug|Any CPU
		{889C39A0-618D-4043-BD3B-69ECE6FE53F6}.Debug|x64.Build.0 = Debug|Any CPU
		{889C39A0-618D-4043-BD3B-69ECE6FE53F6}.Debug|x86.ActiveCfg = Debug|Any CPU
		{889C39A0-618D-4043-BD3B-69ECE6FE53F6}.Debug|x86.Build.0 = Debug|Any CPU
		{889C39A0-618D-4043-BD3B-69ECE6FE53F6}.Release|Any CPU.ActiveCfg = Release|Any CPU
		{889C39A0-618D-4043-BD3B-69ECE6FE53F6}.Release|Any CPU.Build.0 = Release|Any CPU
		{889C39A0-618D-4043-BD3B-69ECE6FE53F6}.Release|x64.ActiveCfg = Release|Any CPU
		{889C39A0-618D-4043-BD3B-69ECE6FE53F6}.Release|x64.Build.0 = Release|Any CPU
		{889C39A0-618D-4043-BD3B-69ECE6FE53F6}.Release|x86.ActiveCfg = Release|Any CPU
		{889C39A0-618D-4043-BD3B-69ECE6FE53F6}.Release|x86.Build.0 = Release|Any CPU
		{FD03B82C-07AF-454D-8F29-5F09CDF3BA51}.Debug|Any CPU.ActiveCfg = Debug|Any CPU
		{FD03B82C-07AF-454D-8F29-5F09CDF3BA51}.Debug|Any CPU.Build.0 = Debug|Any CPU
		{FD03B82C-07AF-454D-8F29-5F09CDF3BA51}.Debug|x64.ActiveCfg = Debug|Any CPU
		{FD03B82C-07AF-454D-8F29-5F09CDF3BA51}.Debug|x64.Build.0 = Debug|Any CPU
		{FD03B82C-07AF-454D-8F29-5F09CDF3BA51}.Debug|x86.ActiveCfg = Debug|Any CPU
		{FD03B82C-07AF-454D-8F29-5F09CDF3BA51}.Debug|x86.Build.0 = Debug|Any CPU
		{FD03B82C-07AF-454D-8F29-5F09CDF3BA51}.Release|Any CPU.ActiveCfg = Release|Any CPU
		{FD03B82C-07AF-454D-8F29-5F09CDF3BA51}.Release|Any CPU.Build.0 = Release|Any CPU
		{FD03B82C-07AF-454D-8F29-5F09CDF3BA51}.Release|x64.ActiveCfg = Release|Any CPU
		{FD03B82C-07AF-454D-8F29-5F09CDF3BA51}.Release|x64.Build.0 = Release|Any CPU
		{FD03B82C-07AF-454D-8F29-5F09CDF3BA51}.Release|x86.ActiveCfg = Release|Any CPU
		{FD03B82C-07AF-454D-8F29-5F09CDF3BA51}.Release|x86.Build.0 = Release|Any CPU
		{E35B432C-50D3-4DAB-A527-886CAD7EDEAA}.Debug|Any CPU.ActiveCfg = Debug|Any CPU
		{E35B432C-50D3-4DAB-A527-886CAD7EDEAA}.Debug|Any CPU.Build.0 = Debug|Any CPU
		{E35B432C-50D3-4DAB-A527-886CAD7EDEAA}.Debug|x64.ActiveCfg = Debug|Any CPU
		{E35B432C-50D3-4DAB-A527-886CAD7EDEAA}.Debug|x64.Build.0 = Debug|Any CPU
		{E35B432C-50D3-4DAB-A527-886CAD7EDEAA}.Debug|x86.ActiveCfg = Debug|Any CPU
		{E35B432C-50D3-4DAB-A527-886CAD7EDEAA}.Debug|x86.Build.0 = Debug|Any CPU
		{E35B432C-50D3-4DAB-A527-886CAD7EDEAA}.Release|Any CPU.ActiveCfg = Release|Any CPU
		{E35B432C-50D3-4DAB-A527-886CAD7EDEAA}.Release|Any CPU.Build.0 = Release|Any CPU
		{E35B432C-50D3-4DAB-A527-886CAD7EDEAA}.Release|x64.ActiveCfg = Release|Any CPU
		{E35B432C-50D3-4DAB-A527-886CAD7EDEAA}.Release|x64.Build.0 = Release|Any CPU
		{E35B432C-50D3-4DAB-A527-886CAD7EDEAA}.Release|x86.ActiveCfg = Release|Any CPU
		{E35B432C-50D3-4DAB-A527-886CAD7EDEAA}.Release|x86.Build.0 = Release|Any CPU
		{6371B17F-DC39-4814-A202-6D62B6C2F3A9}.Debug|Any CPU.ActiveCfg = Debug|Any CPU
		{6371B17F-DC39-4814-A202-6D62B6C2F3A9}.Debug|Any CPU.Build.0 = Debug|Any CPU
		{6371B17F-DC39-4814-A202-6D62B6C2F3A9}.Debug|x64.ActiveCfg = Debug|Any CPU
		{6371B17F-DC39-4814-A202-6D62B6C2F3A9}.Debug|x64.Build.0 = Debug|Any CPU
		{6371B17F-DC39-4814-A202-6D62B6C2F3A9}.Debug|x86.ActiveCfg = Debug|Any CPU
		{6371B17F-DC39-4814-A202-6D62B6C2F3A9}.Debug|x86.Build.0 = Debug|Any CPU
		{6371B17F-DC39-4814-A202-6D62B6C2F3A9}.Release|Any CPU.ActiveCfg = Release|Any CPU
		{6371B17F-DC39-4814-A202-6D62B6C2F3A9}.Release|Any CPU.Build.0 = Release|Any CPU
		{6371B17F-DC39-4814-A202-6D62B6C2F3A9}.Release|x64.ActiveCfg = Release|Any CPU
		{6371B17F-DC39-4814-A202-6D62B6C2F3A9}.Release|x64.Build.0 = Release|Any CPU
		{6371B17F-DC39-4814-A202-6D62B6C2F3A9}.Release|x86.ActiveCfg = Release|Any CPU
		{6371B17F-DC39-4814-A202-6D62B6C2F3A9}.Release|x86.Build.0 = Release|Any CPU
		{78D9AB28-05D3-40FD-B2C5-D6AA3BCDE853}.Debug|Any CPU.ActiveCfg = Debug|Any CPU
		{78D9AB28-05D3-40FD-B2C5-D6AA3BCDE853}.Debug|Any CPU.Build.0 = Debug|Any CPU
		{78D9AB28-05D3-40FD-B2C5-D6AA3BCDE853}.Debug|x64.ActiveCfg = Debug|Any CPU
		{78D9AB28-05D3-40FD-B2C5-D6AA3BCDE853}.Debug|x64.Build.0 = Debug|Any CPU
		{78D9AB28-05D3-40FD-B2C5-D6AA3BCDE853}.Debug|x86.ActiveCfg = Debug|Any CPU
		{78D9AB28-05D3-40FD-B2C5-D6AA3BCDE853}.Debug|x86.Build.0 = Debug|Any CPU
		{78D9AB28-05D3-40FD-B2C5-D6AA3BCDE853}.Release|Any CPU.ActiveCfg = Release|Any CPU
		{78D9AB28-05D3-40FD-B2C5-D6AA3BCDE853}.Release|Any CPU.Build.0 = Release|Any CPU
		{78D9AB28-05D3-40FD-B2C5-D6AA3BCDE853}.Release|x64.ActiveCfg = Release|Any CPU
		{78D9AB28-05D3-40FD-B2C5-D6AA3BCDE853}.Release|x64.Build.0 = Release|Any CPU
		{78D9AB28-05D3-40FD-B2C5-D6AA3BCDE853}.Release|x86.ActiveCfg = Release|Any CPU
		{78D9AB28-05D3-40FD-B2C5-D6AA3BCDE853}.Release|x86.Build.0 = Release|Any CPU
		{5B5B87F7-3657-4237-A257-CE89FADF18EE}.Debug|Any CPU.ActiveCfg = Debug|Any CPU
		{5B5B87F7-3657-4237-A257-CE89FADF18EE}.Debug|Any CPU.Build.0 = Debug|Any CPU
		{5B5B87F7-3657-4237-A257-CE89FADF18EE}.Debug|x64.ActiveCfg = Debug|Any CPU
		{5B5B87F7-3657-4237-A257-CE89FADF18EE}.Debug|x64.Build.0 = Debug|Any CPU
		{5B5B87F7-3657-4237-A257-CE89FADF18EE}.Debug|x86.ActiveCfg = Debug|Any CPU
		{5B5B87F7-3657-4237-A257-CE89FADF18EE}.Debug|x86.Build.0 = Debug|Any CPU
		{5B5B87F7-3657-4237-A257-CE89FADF18EE}.Release|Any CPU.ActiveCfg = Release|Any CPU
		{5B5B87F7-3657-4237-A257-CE89FADF18EE}.Release|Any CPU.Build.0 = Release|Any CPU
		{5B5B87F7-3657-4237-A257-CE89FADF18EE}.Release|x64.ActiveCfg = Release|Any CPU
		{5B5B87F7-3657-4237-A257-CE89FADF18EE}.Release|x64.Build.0 = Release|Any CPU
		{5B5B87F7-3657-4237-A257-CE89FADF18EE}.Release|x86.ActiveCfg = Release|Any CPU
		{5B5B87F7-3657-4237-A257-CE89FADF18EE}.Release|x86.Build.0 = Release|Any CPU
	EndGlobalSection
	GlobalSection(NestedProjects) = preSolution
		{11EAE6B5-DBD6-49C3-8739-6AE3B73D8A67} = {B47E80FB-D227-41DF-8CA4-4EA359023A6D}
		{43921AA1-F0E1-42AC-820C-86C31552EA08} = {B47E80FB-D227-41DF-8CA4-4EA359023A6D}
		{0994D31E-2A66-494E-BF27-17B6E19E9AB7} = {B47E80FB-D227-41DF-8CA4-4EA359023A6D}
		{534A6166-838B-43A3-98DD-0F7550949F09} = {B47E80FB-D227-41DF-8CA4-4EA359023A6D}
		{73F1E5A8-6512-40D3-91AF-5820F82D82F6} = {B47E80FB-D227-41DF-8CA4-4EA359023A6D}
		{D54BAAA7-4321-421C-BCC9-AEC57FC42975} = {B47E80FB-D227-41DF-8CA4-4EA359023A6D}
		{5492EFD4-D7E5-4DF3-A8E7-D292D538FA6A} = {D54BAAA7-4321-421C-BCC9-AEC57FC42975}
		{7E5BD010-D3E2-4B9F-84E1-50CE8CC9AFDA} = {D54BAAA7-4321-421C-BCC9-AEC57FC42975}
		{CACD0904-D058-4CF0-B6C7-88BEC19D693C} = {D54BAAA7-4321-421C-BCC9-AEC57FC42975}
		{6651A50F-D2B2-4FED-A4D3-400DD9546573} = {D54BAAA7-4321-421C-BCC9-AEC57FC42975}
		{A3F71022-F89E-47E6-8A92-577868A9BBF7} = {D54BAAA7-4321-421C-BCC9-AEC57FC42975}
		{889C39A0-618D-4043-BD3B-69ECE6FE53F6} = {D54BAAA7-4321-421C-BCC9-AEC57FC42975}
		{FD03B82C-07AF-454D-8F29-5F09CDF3BA51} = {D54BAAA7-4321-421C-BCC9-AEC57FC42975}
		{EF4F5D27-E15F-42ED-BDE5-D619BCB66853} = {B47E80FB-D227-41DF-8CA4-4EA359023A6D}
		{E35B432C-50D3-4DAB-A527-886CAD7EDEAA} = {EF4F5D27-E15F-42ED-BDE5-D619BCB66853}
		{6371B17F-DC39-4814-A202-6D62B6C2F3A9} = {EF4F5D27-E15F-42ED-BDE5-D619BCB66853}
		{78D9AB28-05D3-40FD-B2C5-D6AA3BCDE853} = {EF4F5D27-E15F-42ED-BDE5-D619BCB66853}
		{5B5B87F7-3657-4237-A257-CE89FADF18EE} = {D54BAAA7-4321-421C-BCC9-AEC57FC42975}
	EndGlobalSection
EndGlobal
